
Microsoft Visual Studio Solution File, Format Version 12.00
# Visual Studio Version 17
VisualStudioVersion = 17.5.33516.290
MinimumVisualStudioVersion = 10.0.40219.1
Project("{FAE04EC0-301F-11D3-BF4B-00C04F79EFBC}") = "FornitureStore", "FornitureStore\FornitureStore.csproj", "{CE60365A-9939-45FE-AD22-785EC20841AF}"
EndProject
Global
	GlobalSection(SolutionConfigurationPlatforms) = preSolution
		Debug|Any CPU = Debug|Any CPU
		Release|Any CPU = Release|Any CPU
	EndGlobalSection
	GlobalSection(ProjectConfigurationPlatforms) = postSolution
		{CE60365A-9939-45FE-AD22-785EC20841AF}.Debug|Any CPU.ActiveCfg = Debug|Any CPU
		{CE60365A-9939-45FE-AD22-785EC20841AF}.Debug|Any CPU.Build.0 = Debug|Any CPU
		{CE60365A-9939-45FE-AD22-785EC20841AF}.Release|Any CPU.ActiveCfg = Release|Any CPU
		{CE60365A-9939-45FE-AD22-785EC20841AF}.Release|Any CPU.Build.0 = Release|Any CPU
	EndGlobalSection
	GlobalSection(SolutionProperties) = preSolution
		HideSolutionNode = FALSE
	EndGlobalSection
	GlobalSection(ExtensibilityGlobals) = postSolution
		SolutionGuid = {DD7D891B-DC8C-421B-8140-611A1BEDD5BE}
	EndGlobalSection
EndGlobal
